
Microsoft Visual Studio Solution File, Format Version 12.00
# Visual Studio 14
VisualStudioVersion = 14.0.25123.0
MinimumVisualStudioVersion = 10.0.40219.1
Project("{2150E333-8FDC-42A3-9474-1A3956D46DE8}") = "NuGet", "NuGet", "{5116D6F6-6065-48C7-BE05-71EED997F2F9}"
EndProject
Project("{FAE04EC0-301F-11D3-BF4B-00C04F79EFBC}") = "Kit.WPF45", "Src\Kit.WPF45\Kit.WPF45.csproj", "{C9612531-2077-4662-B8A4-092E06D5069B}"
EndProject
Project("{FAE04EC0-301F-11D3-BF4B-00C04F79EFBC}") = "HockeySDK.Core.NuGet", "src\NuGet\HockeySDK.Core\HockeySDK.Core.NuGet.csproj", "{C6EF75AB-0FF0-4C98-9F01-96E6492C95A2}"
	ProjectSection(ProjectDependencies) = postProject
		{14123A8E-6D6B-4362-B001-35B8C2505EED} = {14123A8E-6D6B-4362-B001-35B8C2505EED}
	EndProjectSection
EndProject
Project("{FAE04EC0-301F-11D3-BF4B-00C04F79EFBC}") = "HockeySDK.WPF.NuGet", "src\NuGet\HockeySDK.WPF\HockeySDK.WPF.NuGet.csproj", "{AC97D2F7-7D94-4153-9A4C-4E53A69E838B}"
	ProjectSection(ProjectDependencies) = postProject
		{C9612531-2077-4662-B8A4-092E06D5069B} = {C9612531-2077-4662-B8A4-092E06D5069B}
		{14123A8E-6D6B-4362-B001-35B8C2505EED} = {14123A8E-6D6B-4362-B001-35B8C2505EED}
	EndProjectSection
EndProject
Project("{FAE04EC0-301F-11D3-BF4B-00C04F79EFBC}") = "Kit.Core45", "Src\Kit.Core45\Kit.Core45.csproj", "{14123A8E-6D6B-4362-B001-35B8C2505EED}"
EndProject
Global
	GlobalSection(SolutionConfigurationPlatforms) = preSolution
		Debug|Any CPU = Debug|Any CPU
		Debug|ARM = Debug|ARM
		Debug|Mixed Platforms = Debug|Mixed Platforms
		Debug|x64 = Debug|x64
		Debug|x86 = Debug|x86
		Release|Any CPU = Release|Any CPU
		Release|ARM = Release|ARM
		Release|Mixed Platforms = Release|Mixed Platforms
		Release|x64 = Release|x64
		Release|x86 = Release|x86
	EndGlobalSection
	GlobalSection(ProjectConfigurationPlatforms) = postSolution
		{C9612531-2077-4662-B8A4-092E06D5069B}.Debug|Any CPU.ActiveCfg = Debug|Any CPU
		{C9612531-2077-4662-B8A4-092E06D5069B}.Debug|Any CPU.Build.0 = Debug|Any CPU
		{C9612531-2077-4662-B8A4-092E06D5069B}.Debug|ARM.ActiveCfg = Debug|Any CPU
		{C9612531-2077-4662-B8A4-092E06D5069B}.Debug|ARM.Build.0 = Debug|Any CPU
		{C9612531-2077-4662-B8A4-092E06D5069B}.Debug|Mixed Platforms.ActiveCfg = Debug|Any CPU
		{C9612531-2077-4662-B8A4-092E06D5069B}.Debug|Mixed Platforms.Build.0 = Debug|Any CPU
		{C9612531-2077-4662-B8A4-092E06D5069B}.Debug|x64.ActiveCfg = Debug|Any CPU
		{C9612531-2077-4662-B8A4-092E06D5069B}.Debug|x64.Build.0 = Debug|Any CPU
		{C9612531-2077-4662-B8A4-092E06D5069B}.Debug|x86.ActiveCfg = Debug|Any CPU
		{C9612531-2077-4662-B8A4-092E06D5069B}.Debug|x86.Build.0 = Debug|Any CPU
		{C9612531-2077-4662-B8A4-092E06D5069B}.Release|Any CPU.ActiveCfg = Release|Any CPU
		{C9612531-2077-4662-B8A4-092E06D5069B}.Release|Any CPU.Build.0 = Release|Any CPU
		{C9612531-2077-4662-B8A4-092E06D5069B}.Release|ARM.ActiveCfg = Release|Any CPU
		{C9612531-2077-4662-B8A4-092E06D5069B}.Release|ARM.Build.0 = Release|Any CPU
		{C9612531-2077-4662-B8A4-092E06D5069B}.Release|Mixed Platforms.ActiveCfg = Release|Any CPU
		{C9612531-2077-4662-B8A4-092E06D5069B}.Release|Mixed Platforms.Build.0 = Release|Any CPU
		{C9612531-2077-4662-B8A4-092E06D5069B}.Release|x64.ActiveCfg = Release|Any CPU
		{C9612531-2077-4662-B8A4-092E06D5069B}.Release|x64.Build.0 = Release|Any CPU
		{C9612531-2077-4662-B8A4-092E06D5069B}.Release|x86.ActiveCfg = Release|Any CPU
		{C9612531-2077-4662-B8A4-092E06D5069B}.Release|x86.Build.0 = Release|Any CPU
		{C6EF75AB-0FF0-4C98-9F01-96E6492C95A2}.Debug|Any CPU.ActiveCfg = Debug|Any CPU
		{C6EF75AB-0FF0-4C98-9F01-96E6492C95A2}.Debug|Any CPU.Build.0 = Debug|Any CPU
		{C6EF75AB-0FF0-4C98-9F01-96E6492C95A2}.Debug|ARM.ActiveCfg = Debug|Any CPU
		{C6EF75AB-0FF0-4C98-9F01-96E6492C95A2}.Debug|ARM.Build.0 = Debug|Any CPU
		{C6EF75AB-0FF0-4C98-9F01-96E6492C95A2}.Debug|Mixed Platforms.ActiveCfg = Debug|Any CPU
		{C6EF75AB-0FF0-4C98-9F01-96E6492C95A2}.Debug|Mixed Platforms.Build.0 = Debug|Any CPU
		{C6EF75AB-0FF0-4C98-9F01-96E6492C95A2}.Debug|x64.ActiveCfg = Debug|Any CPU
		{C6EF75AB-0FF0-4C98-9F01-96E6492C95A2}.Debug|x64.Build.0 = Debug|Any CPU
		{C6EF75AB-0FF0-4C98-9F01-96E6492C95A2}.Debug|x86.ActiveCfg = Debug|Any CPU
		{C6EF75AB-0FF0-4C98-9F01-96E6492C95A2}.Debug|x86.Build.0 = Debug|Any CPU
		{C6EF75AB-0FF0-4C98-9F01-96E6492C95A2}.Release|Any CPU.ActiveCfg = Release|Any CPU
		{C6EF75AB-0FF0-4C98-9F01-96E6492C95A2}.Release|Any CPU.Build.0 = Release|Any CPU
		{C6EF75AB-0FF0-4C98-9F01-96E6492C95A2}.Release|ARM.ActiveCfg = Release|Any CPU
		{C6EF75AB-0FF0-4C98-9F01-96E6492C95A2}.Release|ARM.Build.0 = Release|Any CPU
		{C6EF75AB-0FF0-4C98-9F01-96E6492C95A2}.Release|Mixed Platforms.ActiveCfg = Release|Any CPU
		{C6EF75AB-0FF0-4C98-9F01-96E6492C95A2}.Release|Mixed Platforms.Build.0 = Release|Any CPU
		{C6EF75AB-0FF0-4C98-9F01-96E6492C95A2}.Release|x64.ActiveCfg = Release|Any CPU
		{C6EF75AB-0FF0-4C98-9F01-96E6492C95A2}.Release|x64.Build.0 = Release|Any CPU
		{C6EF75AB-0FF0-4C98-9F01-96E6492C95A2}.Release|x86.ActiveCfg = Release|Any CPU
		{C6EF75AB-0FF0-4C98-9F01-96E6492C95A2}.Release|x86.Build.0 = Release|Any CPU
		{AC97D2F7-7D94-4153-9A4C-4E53A69E838B}.Debug|Any CPU.ActiveCfg = Debug|Any CPU
		{AC97D2F7-7D94-4153-9A4C-4E53A69E838B}.Debug|Any CPU.Build.0 = Debug|Any CPU
		{AC97D2F7-7D94-4153-9A4C-4E53A69E838B}.Debug|ARM.ActiveCfg = Debug|Any CPU
		{AC97D2F7-7D94-4153-9A4C-4E53A69E838B}.Debug|ARM.Build.0 = Debug|Any CPU
		{AC97D2F7-7D94-4153-9A4C-4E53A69E838B}.Debug|Mixed Platforms.ActiveCfg = Debug|Any CPU
		{AC97D2F7-7D94-4153-9A4C-4E53A69E838B}.Debug|Mixed Platforms.Build.0 = Debug|Any CPU
		{AC97D2F7-7D94-4153-9A4C-4E53A69E838B}.Debug|x64.ActiveCfg = Debug|Any CPU
		{AC97D2F7-7D94-4153-9A4C-4E53A69E838B}.Debug|x64.Build.0 = Debug|Any CPU
		{AC97D2F7-7D94-4153-9A4C-4E53A69E838B}.Debug|x86.ActiveCfg = Debug|Any CPU
		{AC97D2F7-7D94-4153-9A4C-4E53A69E838B}.Debug|x86.Build.0 = Debug|Any CPU
		{AC97D2F7-7D94-4153-9A4C-4E53A69E838B}.Release|Any CPU.ActiveCfg = Release|Any CPU
		{AC97D2F7-7D94-4153-9A4C-4E53A69E838B}.Release|Any CPU.Build.0 = Release|Any CPU
		{AC97D2F7-7D94-4153-9A4C-4E53A69E838B}.Release|ARM.ActiveCfg = Release|Any CPU
		{AC97D2F7-7D94-4153-9A4C-4E53A69E838B}.Release|ARM.Build.0 = Release|Any CPU
		{AC97D2F7-7D94-4153-9A4C-4E53A69E838B}.Release|Mixed Platforms.ActiveCfg = Release|Any CPU
		{AC97D2F7-7D94-4153-9A4C-4E53A69E838B}.Release|Mixed Platforms.Build.0 = Release|Any CPU
		{AC97D2F7-7D94-4153-9A4C-4E53A69E838B}.Release|x64.ActiveCfg = Release|Any CPU
		{AC97D2F7-7D94-4153-9A4C-4E53A69E838B}.Release|x64.Build.0 = Release|Any CPU
		{AC97D2F7-7D94-4153-9A4C-4E53A69E838B}.Release|x86.ActiveCfg = Release|Any CPU
		{AC97D2F7-7D94-4153-9A4C-4E53A69E838B}.Release|x86.Build.0 = Release|Any CPU
		{14123A8E-6D6B-4362-B001-35B8C2505EED}.Debug|Any CPU.ActiveCfg = Debug|Any CPU
		{14123A8E-6D6B-4362-B001-35B8C2505EED}.Debug|Any CPU.Build.0 = Debug|Any CPU
		{14123A8E-6D6B-4362-B001-35B8C2505EED}.Debug|ARM.ActiveCfg = Debug|Any CPU
		{14123A8E-6D6B-4362-B001-35B8C2505EED}.Debug|ARM.Build.0 = Debug|Any CPU
		{14123A8E-6D6B-4362-B001-35B8C2505EED}.Debug|Mixed Platforms.ActiveCfg = Debug|Any CPU
		{14123A8E-6D6B-4362-B001-35B8C2505EED}.Debug|Mixed Platforms.Build.0 = Debug|Any CPU
		{14123A8E-6D6B-4362-B001-35B8C2505EED}.Debug|x64.ActiveCfg = Debug|Any CPU
		{14123A8E-6D6B-4362-B001-35B8C2505EED}.Debug|x64.Build.0 = Debug|Any CPU
		{14123A8E-6D6B-4362-B001-35B8C2505EED}.Debug|x86.ActiveCfg = Debug|Any CPU
		{14123A8E-6D6B-4362-B001-35B8C2505EED}.Debug|x86.Build.0 = Debug|Any CPU
		{14123A8E-6D6B-4362-B001-35B8C2505EED}.Release|Any CPU.ActiveCfg = Release|Any CPU
		{14123A8E-6D6B-4362-B001-35B8C2505EED}.Release|Any CPU.Build.0 = Release|Any CPU
		{14123A8E-6D6B-4362-B001-35B8C2505EED}.Release|ARM.ActiveCfg = Release|Any CPU
		{14123A8E-6D6B-4362-B001-35B8C2505EED}.Release|ARM.Build.0 = Release|Any CPU
		{14123A8E-6D6B-4362-B001-35B8C2505EED}.Release|Mixed Platforms.ActiveCfg = Release|Any CPU
		{14123A8E-6D6B-4362-B001-35B8C2505EED}.Release|Mixed Platforms.Build.0 = Release|Any CPU
		{14123A8E-6D6B-4362-B001-35B8C2505EED}.Release|x64.ActiveCfg = Release|Any CPU
		{14123A8E-6D6B-4362-B001-35B8C2505EED}.Release|x64.Build.0 = Release|Any CPU
		{14123A8E-6D6B-4362-B001-35B8C2505EED}.Release|x86.ActiveCfg = Release|Any CPU
		{14123A8E-6D6B-4362-B001-35B8C2505EED}.Release|x86.Build.0 = Release|Any CPU
	EndGlobalSection
	GlobalSection(SolutionProperties) = preSolution
		HideSolutionNode = FALSE
	EndGlobalSection
	GlobalSection(NestedProjects) = preSolution
		{C6EF75AB-0FF0-4C98-9F01-96E6492C95A2} = {5116D6F6-6065-48C7-BE05-71EED997F2F9}
		{AC97D2F7-7D94-4153-9A4C-4E53A69E838B} = {5116D6F6-6065-48C7-BE05-71EED997F2F9}
	EndGlobalSection
EndGlobal
